{
  "version": 4,
  "terraform_version": "1.7.4",
  "serial": 55,
  "lineage": "f5ae60fc-4e1d-8e2d-34fa-530ca7d0d8de",
  "outputs": {},
  "resources": [
    {
      "module": "module.modrgprjdevops",
      "mode": "managed",
      "type": "azurerm_resource_group",
      "name": "rgprjdevops",
      "provider": "provider[\"registry.terraform.io/hashicorp/azurerm\"]",
      "instances": [
        {
          "index_key": "rgprjdevopsname1",
          "schema_version": 0,
          "attributes": {
            "id": "/subscriptions/a5423e5c-eac7-4936-9567-a254a278c042/resourceGroups/rgprjdevops",
            "location": "eastus",
            "managed_by": "",
            "name": "rgprjdevops",
            "tags": null,
            "timeouts": null
          },
          "sensitive_attributes": [],
          "private": "eyJlMmJmYjczMC1lY2FhLTExZTYtOGY4OC0zNDM2M2JjN2M0YzAiOnsiY3JlYXRlIjo1NDAwMDAwMDAwMDAwLCJkZWxldGUiOjU0MDAwMDAwMDAwMDAsInJlYWQiOjMwMDAwMDAwMDAwMCwidXBkYXRlIjo1NDAwMDAwMDAwMDAwfX0="
        }
      ]
    },
    {
      "module": "module.modsaprjdevops",
      "mode": "managed",
      "type": "azurerm_storage_account",
      "name": "saprjdevops",
      "provider": "provider[\"registry.terraform.io/hashicorp/azurerm\"]",
      "instances": [
        {
          "index_key": "sa1",
          "schema_version": 4,
          "attributes": {
            "access_tier": "Hot",
            "account_kind": "StorageV2",
            "account_replication_type": "LRS",
            "account_tier": "Standard",
            "allow_nested_items_to_be_public": true,
            "allowed_copy_scope": "",
            "azure_files_authentication": [],
            "blob_properties": [
              {
                "change_feed_enabled": false,
                "change_feed_retention_in_days": 0,
                "container_delete_retention_policy": [],
                "cors_rule": [],
                "default_service_version": "",
                "delete_retention_policy": [],
                "last_access_time_enabled": false,
                "restore_policy": [],
                "versioning_enabled": false
              }
            ],
            "cross_tenant_replication_enabled": true,
            "custom_domain": [],
            "customer_managed_key": [],
            "default_to_oauth_authentication": false,
            "dns_endpoint_type": "Standard",
            "edge_zone": "",
            "enable_https_traffic_only": true,
            "id": "/subscriptions/a5423e5c-eac7-4936-9567-a254a278c042/resourceGroups/rgprjdevops/providers/Microsoft.Storage/storageAccounts/sa1prjdevops",
            "identity": [],
            "immutability_policy": [],
            "infrastructure_encryption_enabled": false,
            "is_hns_enabled": false,
            "large_file_share_enabled": null,
            "local_user_enabled": true,
            "location": "eastus",
            "min_tls_version": "TLS1_2",
            "name": "sa1prjdevops",
            "network_rules": [
              {
                "bypass": [
                  "AzureServices"
                ],
                "default_action": "Deny",
                "ip_rules": [],
                "private_link_access": [],
                "virtual_network_subnet_ids": []
              }
            ],
            "nfsv3_enabled": false,
            "primary_access_key": "dRG9etvAkpFfWno2Ig6+7JCvVOUfI8Cu57i1Po7PbPnLJxCG3VifFsH4eXWZ+jiQBc7mM8KEbZmP+AStPhBucw==",
            "primary_blob_connection_string": "DefaultEndpointsProtocol=https;BlobEndpoint=https://sa1prjdevops.blob.core.windows.net/;AccountName=sa1prjdevops;AccountKey=dRG9etvAkpFfWno2Ig6+7JCvVOUfI8Cu57i1Po7PbPnLJxCG3VifFsH4eXWZ+jiQBc7mM8KEbZmP+AStPhBucw==",
            "primary_blob_endpoint": "https://sa1prjdevops.blob.core.windows.net/",
            "primary_blob_host": "sa1prjdevops.blob.core.windows.net",
            "primary_blob_internet_endpoint": "",
            "primary_blob_internet_host": "",
            "primary_blob_microsoft_endpoint": "",
            "primary_blob_microsoft_host": "",
            "primary_connection_string": "DefaultEndpointsProtocol=https;AccountName=sa1prjdevops;AccountKey=dRG9etvAkpFfWno2Ig6+7JCvVOUfI8Cu57i1Po7PbPnLJxCG3VifFsH4eXWZ+jiQBc7mM8KEbZmP+AStPhBucw==;EndpointSuffix=core.windows.net",
            "primary_dfs_endpoint": "https://sa1prjdevops.dfs.core.windows.net/",
            "primary_dfs_host": "sa1prjdevops.dfs.core.windows.net",
            "primary_dfs_internet_endpoint": "",
            "primary_dfs_internet_host": "",
            "primary_dfs_microsoft_endpoint": "",
            "primary_dfs_microsoft_host": "",
            "primary_file_endpoint": "https://sa1prjdevops.file.core.windows.net/",
            "primary_file_host": "sa1prjdevops.file.core.windows.net",
            "primary_file_internet_endpoint": "",
            "primary_file_internet_host": "",
            "primary_file_microsoft_endpoint": "",
            "primary_file_microsoft_host": "",
            "primary_location": "eastus",
            "primary_queue_endpoint": "https://sa1prjdevops.queue.core.windows.net/",
            "primary_queue_host": "sa1prjdevops.queue.core.windows.net",
            "primary_queue_microsoft_endpoint": "",
            "primary_queue_microsoft_host": "",
            "primary_table_endpoint": "https://sa1prjdevops.table.core.windows.net/",
            "primary_table_host": "sa1prjdevops.table.core.windows.net",
            "primary_table_microsoft_endpoint": "",
            "primary_table_microsoft_host": "",
            "primary_web_endpoint": "https://sa1prjdevops.z13.web.core.windows.net/",
            "primary_web_host": "sa1prjdevops.z13.web.core.windows.net",
            "primary_web_internet_endpoint": "",
            "primary_web_internet_host": "",
            "primary_web_microsoft_endpoint": "",
            "primary_web_microsoft_host": "",
            "public_network_access_enabled": true,
            "queue_encryption_key_type": "Service",
            "queue_properties": [
              {
                "cors_rule": [],
                "hour_metrics": [
                  {
                    "enabled": true,
                    "include_apis": true,
                    "retention_policy_days": 7,
                    "version": "1.0"
                  }
                ],
                "logging": [
                  {
                    "delete": false,
                    "read": false,
                    "retention_policy_days": 0,
                    "version": "1.0",
                    "write": false
                  }
                ],
                "minute_metrics": [
                  {
                    "enabled": false,
                    "include_apis": false,
                    "retention_policy_days": 0,
                    "version": "1.0"
                  }
                ]
              }
            ],
            "resource_group_name": "rgprjdevops",
            "routing": [],
            "sas_policy": [],
            "secondary_access_key": "Zgib6EH64wYE1S+24FpVKnMQ7ZODD1cjBVKZgAa/EvC4Gz4RMxw2TPED59ywV4aiQLAhzCVqNU2N+AStYeXqrQ==",
            "secondary_blob_connection_string": "",
            "secondary_blob_endpoint": null,
            "secondary_blob_host": null,
            "secondary_blob_internet_endpoint": null,
            "secondary_blob_internet_host": null,
            "secondary_blob_microsoft_endpoint": null,
            "secondary_blob_microsoft_host": null,
            "secondary_connection_string": "DefaultEndpointsProtocol=https;AccountName=sa1prjdevops;AccountKey=Zgib6EH64wYE1S+24FpVKnMQ7ZODD1cjBVKZgAa/EvC4Gz4RMxw2TPED59ywV4aiQLAhzCVqNU2N+AStYeXqrQ==;EndpointSuffix=core.windows.net",
            "secondary_dfs_endpoint": null,
            "secondary_dfs_host": null,
            "secondary_dfs_internet_endpoint": null,
            "secondary_dfs_internet_host": null,
            "secondary_dfs_microsoft_endpoint": null,
            "secondary_dfs_microsoft_host": null,
            "secondary_file_endpoint": null,
            "secondary_file_host": null,
            "secondary_file_internet_endpoint": null,
            "secondary_file_internet_host": null,
            "secondary_file_microsoft_endpoint": null,
            "secondary_file_microsoft_host": null,
            "secondary_location": "",
            "secondary_queue_endpoint": null,
            "secondary_queue_host": null,
            "secondary_queue_microsoft_endpoint": null,
            "secondary_queue_microsoft_host": null,
            "secondary_table_endpoint": null,
            "secondary_table_host": null,
            "secondary_table_microsoft_endpoint": null,
            "secondary_table_microsoft_host": null,
            "secondary_web_endpoint": null,
            "secondary_web_host": null,
            "secondary_web_internet_endpoint": null,
            "secondary_web_internet_host": null,
            "secondary_web_microsoft_endpoint": null,
            "secondary_web_microsoft_host": null,
            "sftp_enabled": false,
            "share_properties": [
              {
                "cors_rule": [],
                "retention_policy": [
                  {
                    "days": 7
                  }
                ],
                "smb": []
              }
            ],
            "shared_access_key_enabled": true,
            "static_website": [],
            "table_encryption_key_type": "Service",
            "tags": null,
            "timeouts": null
          },
          "sensitive_attributes": [],
          "private": "eyJlMmJmYjczMC1lY2FhLTExZTYtOGY4OC0zNDM2M2JjN2M0YzAiOnsiY3JlYXRlIjozNjAwMDAwMDAwMDAwLCJkZWxldGUiOjM2MDAwMDAwMDAwMDAsInJlYWQiOjMwMDAwMDAwMDAwMCwidXBkYXRlIjozNjAwMDAwMDAwMDAwfSwic2NoZW1hX3ZlcnNpb24iOiI0In0=",
          "dependencies": [
            "module.modrgprjdevops.azurerm_resource_group.rgprjdevops"
          ]
        }
      ]
    },
    {
      "module": "module.modvmprjdevopslinux",
      "mode": "data",
      "type": "azurerm_subnet",
      "name": "datasubnetprjdevopslinux",
      "provider": "provider[\"registry.terraform.io/hashicorp/azurerm\"]",
      "instances": [
        {
          "index_key": "linuxvm1",
          "schema_version": 0,
          "attributes": {
            "address_prefix": "10.0.2.0/24",
            "address_prefixes": [
              "10.0.2.0/24"
            ],
            "enforce_private_link_endpoint_network_policies": true,
            "enforce_private_link_service_network_policies": false,
            "id": "/subscriptions/a5423e5c-eac7-4936-9567-a254a278c042/resourceGroups/rgprjdevops/providers/Microsoft.Network/virtualNetworks/vnetprjdevops1/subnets/subnetprjdevops2",
            "name": "subnetprjdevops2",
            "network_security_group_id": "",
            "private_endpoint_network_policies": "Disabled",
            "private_endpoint_network_policies_enabled": false,
            "private_link_service_network_policies_enabled": true,
            "resource_group_name": "rgprjdevops",
            "route_table_id": "",
            "service_endpoints": [],
            "timeouts": null,
            "virtual_network_name": "vnetprjdevops1"
          },
          "sensitive_attributes": []
        }
      ]
    },
    {
      "module": "module.modvmprjdevopslinux",
      "mode": "managed",
      "type": "azurerm_linux_virtual_machine",
      "name": "vmprjdevlin1",
      "provider": "provider[\"registry.terraform.io/hashicorp/azurerm\"]",
      "instances": [
        {
          "index_key": "linuxvm1",
          "schema_version": 0,
          "attributes": {
            "additional_capabilities": [],
            "admin_password": "Mohi2621510!",
            "admin_ssh_key": [],
            "admin_username": "admin_user",
            "allow_extension_operations": true,
            "availability_set_id": "",
            "boot_diagnostics": [],
            "bypass_platform_safety_checks_on_user_schedule_enabled": false,
            "capacity_reservation_group_id": "",
            "computer_name": "vmprjdevlin1",
            "custom_data": null,
            "dedicated_host_group_id": "",
            "dedicated_host_id": "",
            "disable_password_authentication": false,
            "disk_controller_type": "",
            "edge_zone": "",
            "encryption_at_host_enabled": false,
            "eviction_policy": "",
            "extensions_time_budget": "PT1H30M",
            "gallery_application": [],
            "id": "/subscriptions/a5423e5c-eac7-4936-9567-a254a278c042/resourceGroups/rgprjdevops/providers/Microsoft.Compute/virtualMachines/vmprjdevlin1",
            "identity": [],
            "license_type": "",
            "location": "eastus",
            "max_bid_price": -1,
            "name": "vmprjdevlin1",
            "network_interface_ids": [
              "/subscriptions/a5423e5c-eac7-4936-9567-a254a278c042/resourceGroups/rgprjdevops/providers/Microsoft.Network/networkInterfaces/niclinuxprjdevops"
            ],
            "os_disk": [
              {
                "caching": "ReadWrite",
                "diff_disk_settings": [],
                "disk_encryption_set_id": "",
                "disk_size_gb": 30,
                "name": "vmprjdevlin1_disk1_196685815d764f1e835a6aee4f73a900",
                "secure_vm_disk_encryption_set_id": "",
                "security_encryption_type": "",
                "storage_account_type": "Standard_LRS",
                "write_accelerator_enabled": false
              }
            ],
            "os_image_notification": [],
            "patch_assessment_mode": "ImageDefault",
            "patch_mode": "ImageDefault",
            "plan": [],
            "platform_fault_domain": -1,
            "priority": "Regular",
            "private_ip_address": "10.0.2.4",
            "private_ip_addresses": [
              "10.0.2.4"
            ],
            "provision_vm_agent": true,
            "proximity_placement_group_id": "",
            "public_ip_address": "",
            "public_ip_addresses": [],
            "reboot_setting": "",
            "resource_group_name": "rgprjdevops",
            "secret": [],
            "secure_boot_enabled": false,
            "size": "Standard_B1ms",
            "source_image_id": "",
            "source_image_reference": [
              {
                "offer": "0001-com-ubuntu-server-jammy",
                "publisher": "Canonical",
                "sku": "22_04-lts",
                "version": "latest"
              }
            ],
            "tags": null,
            "termination_notification": null,
            "timeouts": null,
            "user_data": "",
            "virtual_machine_id": "abf24eb8-13de-475a-8fb4-5f9ee8548c05",
            "virtual_machine_scale_set_id": "",
            "vm_agent_platform_updates_enabled": false,
            "vtpm_enabled": false,
            "zone": ""
          },
          "sensitive_attributes": [],
          "private": "eyJlMmJmYjczMC1lY2FhLTExZTYtOGY4OC0zNDM2M2JjN2M0YzAiOnsiY3JlYXRlIjoyNzAwMDAwMDAwMDAwLCJkZWxldGUiOjI3MDAwMDAwMDAwMDAsInJlYWQiOjMwMDAwMDAwMDAwMCwidXBkYXRlIjoyNzAwMDAwMDAwMDAwfX0=",
          "dependencies": [
            "module.modrgprjdevops.azurerm_resource_group.rgprjdevops",
            "module.modvmprjdevopslinux.azurerm_network_interface.nicprjdevopslinux",
            "module.modvmprjdevopslinux.data.azurerm_subnet.datasubnetprjdevopslinux",
            "module.modvnetprjdevops.azurerm_virtual_network.vnetprjdevops1"
          ]
        }
      ]
    },
    {
      "module": "module.modvmprjdevopslinux",
      "mode": "managed",
      "type": "azurerm_network_interface",
      "name": "nicprjdevopslinux",
      "provider": "provider[\"registry.terraform.io/hashicorp/azurerm\"]",
      "instances": [
        {
          "index_key": "linuxvm1",
          "schema_version": 0,
          "attributes": {
            "applied_dns_servers": [],
            "auxiliary_mode": "",
            "auxiliary_sku": "",
            "dns_servers": [],
            "edge_zone": "",
            "enable_accelerated_networking": false,
            "enable_ip_forwarding": false,
            "id": "/subscriptions/a5423e5c-eac7-4936-9567-a254a278c042/resourceGroups/rgprjdevops/providers/Microsoft.Network/networkInterfaces/niclinuxprjdevops",
            "internal_dns_name_label": "",
            "internal_domain_name_suffix": "zmcify1bcofetn5adkso55c3sf.bx.internal.cloudapp.net",
            "ip_configuration": [
              {
                "gateway_load_balancer_frontend_ip_configuration_id": "",
                "name": "nicLinuxIP",
                "primary": true,
                "private_ip_address": "10.0.2.4",
                "private_ip_address_allocation": "Dynamic",
                "private_ip_address_version": "IPv4",
                "public_ip_address_id": "",
                "subnet_id": "/subscriptions/a5423e5c-eac7-4936-9567-a254a278c042/resourceGroups/rgprjdevops/providers/Microsoft.Network/virtualNetworks/vnetprjdevops1/subnets/subnetprjdevops2"
              }
            ],
            "location": "eastus",
            "mac_address": "",
            "name": "niclinuxprjdevops",
            "private_ip_address": "10.0.2.4",
            "private_ip_addresses": [
              "10.0.2.4"
            ],
            "resource_group_name": "rgprjdevops",
            "tags": null,
            "timeouts": null,
            "virtual_machine_id": ""
          },
          "sensitive_attributes": [],
          "private": "eyJlMmJmYjczMC1lY2FhLTExZTYtOGY4OC0zNDM2M2JjN2M0YzAiOnsiY3JlYXRlIjoxODAwMDAwMDAwMDAwLCJkZWxldGUiOjE4MDAwMDAwMDAwMDAsInJlYWQiOjMwMDAwMDAwMDAwMCwidXBkYXRlIjoxODAwMDAwMDAwMDAwfX0=",
          "dependencies": [
            "module.modrgprjdevops.azurerm_resource_group.rgprjdevops",
            "module.modvmprjdevopslinux.data.azurerm_subnet.datasubnetprjdevopslinux",
            "module.modvnetprjdevops.azurerm_virtual_network.vnetprjdevops1"
          ]
        }
      ]
    },
    {
      "module": "module.modvmprjdevwin1",
      "mode": "data",
      "type": "azurerm_subnet",
      "name": "datasubnetprjdevops",
      "provider": "provider[\"registry.terraform.io/hashicorp/azurerm\"]",
      "instances": [
        {
          "index_key": "winvm1",
          "schema_version": 0,
          "attributes": {
            "address_prefix": "10.0.1.0/24",
            "address_prefixes": [
              "10.0.1.0/24"
            ],
            "enforce_private_link_endpoint_network_policies": true,
            "enforce_private_link_service_network_policies": false,
            "id": "/subscriptions/a5423e5c-eac7-4936-9567-a254a278c042/resourceGroups/rgprjdevops/providers/Microsoft.Network/virtualNetworks/vnetprjdevops1/subnets/subnetprjdevops1",
            "name": "subnetprjdevops1",
            "network_security_group_id": "",
            "private_endpoint_network_policies": "Disabled",
            "private_endpoint_network_policies_enabled": false,
            "private_link_service_network_policies_enabled": true,
            "resource_group_name": "rgprjdevops",
            "route_table_id": "",
            "service_endpoints": [],
            "timeouts": null,
            "virtual_network_name": "vnetprjdevops1"
          },
          "sensitive_attributes": []
        },
        {
          "index_key": "winvm2",
          "schema_version": 0,
          "attributes": {
            "address_prefix": "10.1.3.0/24",
            "address_prefixes": [
              "10.1.3.0/24"
            ],
            "enforce_private_link_endpoint_network_policies": true,
            "enforce_private_link_service_network_policies": false,
            "id": "/subscriptions/a5423e5c-eac7-4936-9567-a254a278c042/resourceGroups/rgprjdevops/providers/Microsoft.Network/virtualNetworks/vnetprjdevops2/subnets/subnetprjdevops3",
            "name": "subnetprjdevops3",
            "network_security_group_id": "",
            "private_endpoint_network_policies": "Disabled",
            "private_endpoint_network_policies_enabled": false,
            "private_link_service_network_policies_enabled": true,
            "resource_group_name": "rgprjdevops",
            "route_table_id": "",
            "service_endpoints": [],
            "timeouts": null,
            "virtual_network_name": "vnetprjdevops2"
          },
          "sensitive_attributes": []
        }
      ]
    },
    {
      "module": "module.modvmprjdevwin1",
      "mode": "managed",
      "type": "azurerm_network_interface",
      "name": "nicprjdevops",
      "provider": "provider[\"registry.terraform.io/hashicorp/azurerm\"]",
      "instances": [
        {
          "index_key": "winvm1",
          "schema_version": 0,
          "attributes": {
            "applied_dns_servers": [],
            "auxiliary_mode": "",
            "auxiliary_sku": "",
            "dns_servers": [],
            "edge_zone": "",
            "enable_accelerated_networking": false,
            "enable_ip_forwarding": false,
            "id": "/subscriptions/a5423e5c-eac7-4936-9567-a254a278c042/resourceGroups/rgprjdevops/providers/Microsoft.Network/networkInterfaces/nicvmprjdevwin1",
            "internal_dns_name_label": "",
            "internal_domain_name_suffix": "zmcify1bcofetn5adkso55c3sf.bx.internal.cloudapp.net",
            "ip_configuration": [
              {
                "gateway_load_balancer_frontend_ip_configuration_id": "",
                "name": "nicIPvmprjdevwin1",
                "primary": true,
                "private_ip_address": "10.0.1.4",
                "private_ip_address_allocation": "Dynamic",
                "private_ip_address_version": "IPv4",
                "public_ip_address_id": "",
                "subnet_id": "/subscriptions/a5423e5c-eac7-4936-9567-a254a278c042/resourceGroups/rgprjdevops/providers/Microsoft.Network/virtualNetworks/vnetprjdevops1/subnets/subnetprjdevops1"
              }
            ],
            "location": "eastus",
            "mac_address": "",
            "name": "nicvmprjdevwin1",
            "private_ip_address": "10.0.1.4",
            "private_ip_addresses": [
              "10.0.1.4"
            ],
            "resource_group_name": "rgprjdevops",
            "tags": null,
            "timeouts": null,
            "virtual_machine_id": ""
          },
          "sensitive_attributes": [],
          "private": "eyJlMmJmYjczMC1lY2FhLTExZTYtOGY4OC0zNDM2M2JjN2M0YzAiOnsiY3JlYXRlIjoxODAwMDAwMDAwMDAwLCJkZWxldGUiOjE4MDAwMDAwMDAwMDAsInJlYWQiOjMwMDAwMDAwMDAwMCwidXBkYXRlIjoxODAwMDAwMDAwMDAwfX0=",
          "dependencies": [
            "module.modrgprjdevops.azurerm_resource_group.rgprjdevops",
            "module.modvmprjdevwin1.data.azurerm_subnet.datasubnetprjdevops",
            "module.modvnetprjdevops.azurerm_virtual_network.vnetprjdevops1"
          ]
        },
        {
          "index_key": "winvm2",
          "schema_version": 0,
          "attributes": {
            "applied_dns_servers": [],
            "auxiliary_mode": "",
            "auxiliary_sku": "",
            "dns_servers": [],
            "edge_zone": "",
            "enable_accelerated_networking": false,
            "enable_ip_forwarding": false,
            "id": "/subscriptions/a5423e5c-eac7-4936-9567-a254a278c042/resourceGroups/rgprjdevops/providers/Microsoft.Network/networkInterfaces/nicvmprjdevwin2",
            "internal_dns_name_label": "",
            "internal_domain_name_suffix": "txbp0sddzmeevkzds1oymuv5gf.bx.internal.cloudapp.net",
            "ip_configuration": [
              {
                "gateway_load_balancer_frontend_ip_configuration_id": "",
                "name": "nicIPvmprjdevwin2",
                "primary": true,
                "private_ip_address": "10.1.3.4",
                "private_ip_address_allocation": "Dynamic",
                "private_ip_address_version": "IPv4",
                "public_ip_address_id": "",
                "subnet_id": "/subscriptions/a5423e5c-eac7-4936-9567-a254a278c042/resourceGroups/rgprjdevops/providers/Microsoft.Network/virtualNetworks/vnetprjdevops2/subnets/subnetprjdevops3"
              }
            ],
            "location": "eastus",
            "mac_address": "",
            "name": "nicvmprjdevwin2",
            "private_ip_address": "10.1.3.4",
            "private_ip_addresses": [
              "10.1.3.4"
            ],
            "resource_group_name": "rgprjdevops",
            "tags": null,
            "timeouts": null,
            "virtual_machine_id": ""
          },
          "sensitive_attributes": [],
          "private": "eyJlMmJmYjczMC1lY2FhLTExZTYtOGY4OC0zNDM2M2JjN2M0YzAiOnsiY3JlYXRlIjoxODAwMDAwMDAwMDAwLCJkZWxldGUiOjE4MDAwMDAwMDAwMDAsInJlYWQiOjMwMDAwMDAwMDAwMCwidXBkYXRlIjoxODAwMDAwMDAwMDAwfX0=",
          "dependencies": [
            "module.modrgprjdevops.azurerm_resource_group.rgprjdevops",
            "module.modvmprjdevwin1.data.azurerm_subnet.datasubnetprjdevops",
            "module.modvnetprjdevops.azurerm_virtual_network.vnetprjdevops1"
          ]
        }
      ]
    },
    {
      "module": "module.modvmprjdevwin1",
      "mode": "managed",
      "type": "azurerm_windows_virtual_machine",
      "name": "name",
      "provider": "provider[\"registry.terraform.io/hashicorp/azurerm\"]",
      "instances": [
        {
          "index_key": "winvm1",
          "schema_version": 0,
          "attributes": {
            "additional_capabilities": [],
            "additional_unattend_content": [],
            "admin_password": "Mohi2621510!",
            "admin_username": "admin_user",
            "allow_extension_operations": true,
            "availability_set_id": "",
            "boot_diagnostics": [],
            "bypass_platform_safety_checks_on_user_schedule_enabled": false,
            "capacity_reservation_group_id": "",
            "computer_name": "vmprjdevwin1",
            "custom_data": null,
            "dedicated_host_group_id": "",
            "dedicated_host_id": "",
            "disk_controller_type": "",
            "edge_zone": "",
            "enable_automatic_updates": true,
            "encryption_at_host_enabled": false,
            "eviction_policy": "",
            "extensions_time_budget": "PT1H30M",
            "gallery_application": [],
            "hotpatching_enabled": false,
            "id": "/subscriptions/a5423e5c-eac7-4936-9567-a254a278c042/resourceGroups/rgprjdevops/providers/Microsoft.Compute/virtualMachines/vmprjdevwin1",
            "identity": [],
            "license_type": "",
            "location": "eastus",
            "max_bid_price": -1,
            "name": "vmprjdevwin1",
            "network_interface_ids": [
              "/subscriptions/a5423e5c-eac7-4936-9567-a254a278c042/resourceGroups/rgprjdevops/providers/Microsoft.Network/networkInterfaces/nicvmprjdevwin1"
            ],
            "os_disk": [
              {
                "caching": "ReadWrite",
                "diff_disk_settings": [],
                "disk_encryption_set_id": "",
                "disk_size_gb": 127,
                "name": "vmprjdevwin1_OsDisk_1_b1912c9c97904650ab0a19287f0d8e0b",
                "secure_vm_disk_encryption_set_id": "",
                "security_encryption_type": "",
                "storage_account_type": "Standard_LRS",
                "write_accelerator_enabled": false
              }
            ],
            "os_image_notification": [],
            "patch_assessment_mode": "ImageDefault",
            "patch_mode": "AutomaticByOS",
            "plan": [],
            "platform_fault_domain": -1,
            "priority": "Regular",
            "private_ip_address": "10.0.1.4",
            "private_ip_addresses": [
              "10.0.1.4"
            ],
            "provision_vm_agent": true,
            "proximity_placement_group_id": "",
            "public_ip_address": "",
            "public_ip_addresses": [],
            "reboot_setting": "",
            "resource_group_name": "rgprjdevops",
            "secret": [],
            "secure_boot_enabled": false,
            "size": "Standard_B1ms",
            "source_image_id": "",
            "source_image_reference": [
              {
                "offer": "WindowsServer",
                "publisher": "MicrosoftWindowsServer",
                "sku": "2016-Datacenter",
                "version": "latest"
              }
            ],
            "tags": null,
            "termination_notification": null,
            "timeouts": null,
            "timezone": "",
            "user_data": "",
            "virtual_machine_id": "d143632c-6aa3-40d0-85fd-667083f88742",
            "virtual_machine_scale_set_id": "",
            "vm_agent_platform_updates_enabled": false,
            "vtpm_enabled": false,
            "winrm_listener": [],
            "zone": ""
          },
          "sensitive_attributes": [],
          "private": "eyJlMmJmYjczMC1lY2FhLTExZTYtOGY4OC0zNDM2M2JjN2M0YzAiOnsiY3JlYXRlIjoyNzAwMDAwMDAwMDAwLCJkZWxldGUiOjI3MDAwMDAwMDAwMDAsInJlYWQiOjMwMDAwMDAwMDAwMCwidXBkYXRlIjoyNzAwMDAwMDAwMDAwfX0=",
          "dependencies": [
            "module.modrgprjdevops.azurerm_resource_group.rgprjdevops",
            "module.modvmprjdevwin1.azurerm_network_interface.nicprjdevops",
            "module.modvmprjdevwin1.data.azurerm_subnet.datasubnetprjdevops",
            "module.modvnetprjdevops.azurerm_virtual_network.vnetprjdevops1"
          ]
        },
        {
          "index_key": "winvm2",
          "schema_version": 0,
          "attributes": {
            "additional_capabilities": [],
            "additional_unattend_content": [],
            "admin_password": "Mohi2621510!",
            "admin_username": "admin_user",
            "allow_extension_operations": true,
            "availability_set_id": "",
            "boot_diagnostics": [],
            "bypass_platform_safety_checks_on_user_schedule_enabled": false,
            "capacity_reservation_group_id": "",
            "computer_name": "vmprjdevwin2",
            "custom_data": null,
            "dedicated_host_group_id": "",
            "dedicated_host_id": "",
            "disk_controller_type": "",
            "edge_zone": "",
            "enable_automatic_updates": true,
            "encryption_at_host_enabled": false,
            "eviction_policy": "",
            "extensions_time_budget": "PT1H30M",
            "gallery_application": [],
            "hotpatching_enabled": false,
            "id": "/subscriptions/a5423e5c-eac7-4936-9567-a254a278c042/resourceGroups/rgprjdevops/providers/Microsoft.Compute/virtualMachines/vmprjdevwin2",
            "identity": [],
            "license_type": "",
            "location": "eastus",
            "max_bid_price": -1,
            "name": "vmprjdevwin2",
            "network_interface_ids": [
              "/subscriptions/a5423e5c-eac7-4936-9567-a254a278c042/resourceGroups/rgprjdevops/providers/Microsoft.Network/networkInterfaces/nicvmprjdevwin2"
            ],
            "os_disk": [
              {
                "caching": "ReadWrite",
                "diff_disk_settings": [],
                "disk_encryption_set_id": "",
                "disk_size_gb": 127,
                "name": "vmprjdevwin2_OsDisk_1_16598fb955274283b8f15791afe60200",
                "secure_vm_disk_encryption_set_id": "",
                "security_encryption_type": "",
                "storage_account_type": "Standard_LRS",
                "write_accelerator_enabled": false
              }
            ],
            "os_image_notification": [],
            "patch_assessment_mode": "ImageDefault",
            "patch_mode": "AutomaticByOS",
            "plan": [],
            "platform_fault_domain": -1,
            "priority": "Regular",
            "private_ip_address": "10.1.3.4",
            "private_ip_addresses": [
              "10.1.3.4"
            ],
            "provision_vm_agent": true,
            "proximity_placement_group_id": "",
            "public_ip_address": "",
            "public_ip_addresses": [],
            "reboot_setting": "",
            "resource_group_name": "rgprjdevops",
            "secret": [],
            "secure_boot_enabled": false,
            "size": "Standard_B1ms",
            "source_image_id": "",
            "source_image_reference": [
              {
                "offer": "WindowsServer",
                "publisher": "MicrosoftWindowsServer",
                "sku": "2016-Datacenter",
                "version": "latest"
              }
            ],
            "tags": null,
            "termination_notification": null,
            "timeouts": null,
            "timezone": "",
            "user_data": "",
            "virtual_machine_id": "b7851bfe-8810-43e9-b31f-d9f76e445b66",
            "virtual_machine_scale_set_id": "",
            "vm_agent_platform_updates_enabled": false,
            "vtpm_enabled": false,
            "winrm_listener": [],
            "zone": ""
          },
          "sensitive_attributes": [],
          "private": "eyJlMmJmYjczMC1lY2FhLTExZTYtOGY4OC0zNDM2M2JjN2M0YzAiOnsiY3JlYXRlIjoyNzAwMDAwMDAwMDAwLCJkZWxldGUiOjI3MDAwMDAwMDAwMDAsInJlYWQiOjMwMDAwMDAwMDAwMCwidXBkYXRlIjoyNzAwMDAwMDAwMDAwfX0=",
          "dependencies": [
            "module.modrgprjdevops.azurerm_resource_group.rgprjdevops",
            "module.modvmprjdevwin1.azurerm_network_interface.nicprjdevops",
            "module.modvmprjdevwin1.data.azurerm_subnet.datasubnetprjdevops",
            "module.modvnetprjdevops.azurerm_virtual_network.vnetprjdevops1"
          ]
        }
      ]
    },
    {
      "module": "module.modvnetprjdevops",
      "mode": "managed",
      "type": "azurerm_virtual_network",
      "name": "vnetprjdevops1",
      "provider": "provider[\"registry.terraform.io/hashicorp/azurerm\"]",
      "instances": [
        {
          "index_key": "vnet1",
          "schema_version": 0,
          "attributes": {
            "address_space": [
              "10.0.0.0/16"
            ],
            "bgp_community": "",
            "ddos_protection_plan": [],
            "dns_servers": [],
            "edge_zone": "",
            "encryption": [],
            "flow_timeout_in_minutes": 0,
            "guid": "e38204cb-1361-498a-b7e0-1aa4effc5d95",
            "id": "/subscriptions/a5423e5c-eac7-4936-9567-a254a278c042/resourceGroups/rgprjdevops/providers/Microsoft.Network/virtualNetworks/vnetprjdevops1",
            "location": "eastus",
            "name": "vnetprjdevops1",
            "resource_group_name": "rgprjdevops",
            "subnet": [
              {
                "address_prefix": "10.0.1.0/24",
                "id": "/subscriptions/a5423e5c-eac7-4936-9567-a254a278c042/resourceGroups/rgprjdevops/providers/Microsoft.Network/virtualNetworks/vnetprjdevops1/subnets/subnetprjdevops1",
                "name": "subnetprjdevops1",
                "security_group": ""
              },
              {
                "address_prefix": "10.0.2.0/24",
                "id": "/subscriptions/a5423e5c-eac7-4936-9567-a254a278c042/resourceGroups/rgprjdevops/providers/Microsoft.Network/virtualNetworks/vnetprjdevops1/subnets/subnetprjdevops2",
                "name": "subnetprjdevops2",
                "security_group": ""
              }
            ],
            "tags": null,
            "timeouts": null
          },
          "sensitive_attributes": [],
          "private": "eyJlMmJmYjczMC1lY2FhLTExZTYtOGY4OC0zNDM2M2JjN2M0YzAiOnsiY3JlYXRlIjoxODAwMDAwMDAwMDAwLCJkZWxldGUiOjE4MDAwMDAwMDAwMDAsInJlYWQiOjMwMDAwMDAwMDAwMCwidXBkYXRlIjoxODAwMDAwMDAwMDAwfX0=",
          "dependencies": [
            "module.modrgprjdevops.azurerm_resource_group.rgprjdevops"
          ]
        },
        {
          "index_key": "vnet2",
          "schema_version": 0,
          "attributes": {
            "address_space": [
              "10.1.0.0/16"
            ],
            "bgp_community": "",
            "ddos_protection_plan": [],
            "dns_servers": [],
            "edge_zone": "",
            "encryption": [],
            "flow_timeout_in_minutes": 0,
            "guid": "48fdc29d-cb63-4a08-ab23-96dd8652bf35",
            "id": "/subscriptions/a5423e5c-eac7-4936-9567-a254a278c042/resourceGroups/rgprjdevops/providers/Microsoft.Network/virtualNetworks/vnetprjdevops2",
            "location": "eastus",
            "name": "vnetprjdevops2",
            "resource_group_name": "rgprjdevops",
            "subnet": [
              {
                "address_prefix": "10.1.3.0/24",
                "id": "/subscriptions/a5423e5c-eac7-4936-9567-a254a278c042/resourceGroups/rgprjdevops/providers/Microsoft.Network/virtualNetworks/vnetprjdevops2/subnets/subnetprjdevops3",
                "name": "subnetprjdevops3",
                "security_group": ""
              }
            ],
            "tags": null,
            "timeouts": null
          },
          "sensitive_attributes": [],
          "private": "eyJlMmJmYjczMC1lY2FhLTExZTYtOGY4OC0zNDM2M2JjN2M0YzAiOnsiY3JlYXRlIjoxODAwMDAwMDAwMDAwLCJkZWxldGUiOjE4MDAwMDAwMDAwMDAsInJlYWQiOjMwMDAwMDAwMDAwMCwidXBkYXRlIjoxODAwMDAwMDAwMDAwfX0=",
          "dependencies": [
            "module.modrgprjdevops.azurerm_resource_group.rgprjdevops"
          ]
        }
      ]
    }
  ],
  "check_results": null
}
